
Microsoft Visual Studio Solution File, Format Version 12.00
# Visual Studio Version 16
VisualStudioVersion = 16.0.29215.179
MinimumVisualStudioVersion = 10.0.40219.1
Project("{FAE04EC0-301F-11D3-BF4B-00C04F79EFBC}") = "PortioningMachineH", "PortioningMachineH\PortioningMachineH.csproj", "{57681369-FFE2-440F-88F3-DAEE2FC9CFDA}"
EndProject
Global
	GlobalSection(SolutionConfigurationPlatforms) = preSolution
		Debug|Any CPU = Debug|Any CPU
		Release|Any CPU = Release|Any CPU
	EndGlobalSection
	GlobalSection(ProjectConfigurationPlatforms) = postSolution
		{57681369-FFE2-440F-88F3-DAEE2FC9CFDA}.Debug|Any CPU.ActiveCfg = Debug|Any CPU
		{57681369-FFE2-440F-88F3-DAEE2FC9CFDA}.Debug|Any CPU.Build.0 = Debug|Any CPU
		{57681369-FFE2-440F-88F3-DAEE2FC9CFDA}.Release|Any CPU.ActiveCfg = Release|Any CPU
		{57681369-FFE2-440F-88F3-DAEE2FC9CFDA}.Release|Any CPU.Build.0 = Release|Any CPU
	EndGlobalSection
	GlobalSection(SolutionProperties) = preSolution
		HideSolutionNode = FALSE
	EndGlobalSection
	GlobalSection(ExtensibilityGlobals) = postSolution
		SolutionGuid = {399C73B9-F87F-48A9-9EA7-FF566EC7D4D9}
	EndGlobalSection
EndGlobal
